
Microsoft Visual Studio Solution File, Format Version 12.00
# Visual Studio Version 17
VisualStudioVersion = 17.12.35506.116 d17.12
MinimumVisualStudioVersion = 10.0.40219.1
Project("{FAE04EC0-301F-11D3-BF4B-00C04F79EFBC}") = "ODMR Lab", "ODMR Lab.csproj", "{6FE79D8A-CA23-4DD5-89EA-142513D90519}"
EndProject
Project("{54435603-DBB4-11D2-8724-00A0C9A8B90C}") = "ODMR Setup", "ODMR Setup\ODMR Setup.vdproj", "{C0BD33D4-B835-4700-9958-1AA7CD56D34A}"
EndProject
Global
	GlobalSection(SolutionConfigurationPlatforms) = preSolution
		Debug|Any CPU = Debug|Any CPU
		Release|Any CPU = Release|Any CPU
	EndGlobalSection
	GlobalSection(ProjectConfigurationPlatforms) = postSolution
		{6FE79D8A-CA23-4DD5-89EA-142513D90519}.Debug|Any CPU.ActiveCfg = Debug|Any CPU
		{6FE79D8A-CA23-4DD5-89EA-142513D90519}.Debug|Any CPU.Build.0 = Debug|Any CPU
		{6FE79D8A-CA23-4DD5-89EA-142513D90519}.Release|Any CPU.ActiveCfg = Release|Any CPU
		{6FE79D8A-CA23-4DD5-89EA-142513D90519}.Release|Any CPU.Build.0 = Release|Any CPU
		{C0BD33D4-B835-4700-9958-1AA7CD56D34A}.Debug|Any CPU.ActiveCfg = Debug
		{C0BD33D4-B835-4700-9958-1AA7CD56D34A}.Debug|Any CPU.Build.0 = Debug
		{C0BD33D4-B835-4700-9958-1AA7CD56D34A}.Release|Any CPU.ActiveCfg = Release
		{C0BD33D4-B835-4700-9958-1AA7CD56D34A}.Release|Any CPU.Build.0 = Release
	EndGlobalSection
	GlobalSection(SolutionProperties) = preSolution
		HideSolutionNode = FALSE
	EndGlobalSection
	GlobalSection(ExtensibilityGlobals) = postSolution
		SolutionGuid = {6E73D6CE-8329-48F7-B644-B2193038D9AB}
	EndGlobalSection
EndGlobal
